
Microsoft Visual Studio Solution File, Format Version 12.00
# Visual Studio Version 17
VisualStudioVersion = 17.2.32602.215
MinimumVisualStudioVersion = 10.0.40219.1
Project("{FAE04EC0-301F-11D3-BF4B-00C04F79EFBC}") = "market", "market\market.csproj", "{5E53A26D-C709-4B6F-9290-6C8CEC4B39B3}"
EndProject
Global
	GlobalSection(SolutionConfigurationPlatforms) = preSolution
		Debug|Any CPU = Debug|Any CPU
		Release|Any CPU = Release|Any CPU
	EndGlobalSection
	GlobalSection(ProjectConfigurationPlatforms) = postSolution
		{5E53A26D-C709-4B6F-9290-6C8CEC4B39B3}.Debug|Any CPU.ActiveCfg = Debug|Any CPU
		{5E53A26D-C709-4B6F-9290-6C8CEC4B39B3}.Debug|Any CPU.Build.0 = Debug|Any CPU
		{5E53A26D-C709-4B6F-9290-6C8CEC4B39B3}.Release|Any CPU.ActiveCfg = Release|Any CPU
		{5E53A26D-C709-4B6F-9290-6C8CEC4B39B3}.Release|Any CPU.Build.0 = Release|Any CPU
	EndGlobalSection
	GlobalSection(SolutionProperties) = preSolution
		HideSolutionNode = FALSE
	EndGlobalSection
	GlobalSection(ExtensibilityGlobals) = postSolution
		SolutionGuid = {AB7D99A2-A18D-439B-9E47-0B8F4243BB38}
	EndGlobalSection
EndGlobal
